github.com/bitcoinschema/go-aip v0.3.3 h1:hTe9xbjVA6yGZgVjXdsdSprq9HEoZYMfNOXJBJlbE3E=
github.com/bitcoinschema/go-aip v0.3.3/go.mod h1:Dw/AS97LfD8Jq4efsZAFG6gTZAVl3pp5yMDA5UmhhJY=
github.com/bitcoinschema/go-b v0.2.3 h1:oq78sYf6GyKKZWOMrr7QXCT3xP3VjRUpL0ZFsvWm4wE=
github.com/bitcoinschema/go-b v0.2.3/go.mod h1:4cbJaloxa2+iU0mPijSYPXw6BuIoBZY0r7FUtQAQbpY=
github.com/bitcoinschema/go-bap v0.4.2 h1:DOSWKfSnXYEt/BE4fN/dD8V6sVtXQEPcRU9W8TaeWNo=
github.com/bitcoinschema/go-bap v0.4.2/go.mod h1:QnRX6lYzr6XBKD8za0QybP6RqolOC2Lu0vptajHA9X8=
github.com/bitcoinschema/go-bob v0.5.3 h1:I9z66SSDFoarTVQj7FavqawmG2TgE/GY7mOpqbUZDQ8=
github.com/bitcoinschema/go-bob v0.5.3/go.mod h1:G7/Bgcw8nBKenKnNoZa3IpItwOy+qGC3rvqcH3XT1kU=
github.com/bitcoinschema/go-boost v0.2.2 h1:uWiQ4qYZIRcIbtNCgVWDK5bzpT8eW9avCEr2h45DiuQ=
github.com/bitcoinschema/go-boost v0.2.2/go.mod h1:4McbqjrkzK8mU3DcfYt05P/HxBk6k3SgWoMK6FtlqJw=
github.com/bitcoinschema/go-bpu v0.2.3 h1:JDdWQuwBA2J9jA+x56Q3MvtEZkbDZS+VpGqaL1+cmyc=
github.com/bitcoinschema/go-bpu v0.2.3/go.mod h1:vc8RxmsAmJ26tmQ8tMccwgbd7os8ThfO7AR5kyPdbUY=
github.com/bitcoinschema/go-map v0.2.2 h1:ouAceAmk+fJtW66iRzXdEU5OZSd4mYyLL3LA5SmjiF8=
github.com/bitcoinschema/go-map v0.2.2/go.mod h1:oz0mMLDMSfI8gmwz+MQ1cTcSmYOhnlSdlS/lF0jIdzM=
github.com/bitcoinschema/go-sigma v0.1.2 h1:tFNlZZ8QnSokHlWL/39+NCzC1x2lTO3uOJhcvBkC1TE=
github.com/bitcoinschema/go-sigma v0.1.2/go.mod h1:9mkkvkONfiSCPPTQimJYNp+5darSfSxZbuD225AGq9M=
github.com/bsv-blockchain/go-sdk v1.4.1 h1:J2hECn17QkLXq8K8O0m0qA7yih4YmWFTX6o9Ox72Tf8=
github.com/bsv-blockchain/go-sdk v1.4.1/go.mod h1:p2aRf3+hHx8uaQazzVBbX/iFv/vatCFbazrM7RmvT08=
github.com/davecgh/go-spew v1.1.1 h1:vj9j/u1bqnvCEfJOwUhtlOARqs3+rkHYY13jYWTU97c=
github.com/davecgh/go-spew v1.1.1/go.mod h1:J7Y8YcW2NihsgmVo/mv3lAwl/skON4iLHjSsI+c5H38=
github.com/pkg/errors v0.9.1 h1:FEBLx1zS214owpjy7qsBeixbURkuhQAwrK5UwLGTwt4=
github.com/pkg/errors v0.9.1/go.mod h1:bwawxfHBFNV+L2hUp1rHADufV3IMtnDRdf1r5NINEl0=
github.com/stretchr/testify v1.12.1 h1:EuwCh5fleGS7H32xRwO3wRGT7DxrDhLAT6FF8MpWDWE=
github.com/stretchr/testify v1.12.1/go.mod h1:MDEgiDPPsNp5cuIrHPPCyornHKgEVbtFUmoNlxoYthg=
go.yaml.in/yaml/v3 v3.0.5 h1:N6y/pJk8buWs9NY5ERU2HSMfm+IuD/OtfdAnq6kESPw=
go.yaml.in/yaml/v3 v3.0.5/go.mod h1:HVTZu1O7/Vkt2N+BFy8Zza+lnLsABggaTM2ZpNIGuKg=
golang.org/x/crypto v0.56.0 h1:GUh5Ii4J5jtcseSMiRqr1jXCNHoxjeV9Fmekc2oLy6Y=
golang.org/x/crypto v0.56.0/go.mod h1:OMW5y6CY9l38uPLmxU6l6pwcXp1obtLo3e6gT7gQR2I=
