github.com/bitcoin-sv/go-sdk v1.1.20 h1:tazhm6KdHJiWHWdMSilSNAB3npfXpOc5xMHTOMyr6Pk=
github.com/bitcoin-sv/go-sdk v1.1.20/go.mod h1:AtXmBimazAxAn9Kwp/eAdm6iRrj07c8L0IQs1q5EsMk=
github.com/bitcoinschema/go-aip v0.3.2 h1:bdhTTcVphqHzfHsV1Y6GKl73IASCTwceCXgkM0d62Ns=
github.com/bitcoinschema/go-aip v0.3.2/go.mod h1:5Q+P1U1G1WiCPu6VqKinmwpFmmBo9sNwskh4mLGbloU=
github.com/bitcoinschema/go-b v0.2.2 h1:wZ0qtOAmj2cvDqxMOZho+VpKcR9V/UMFMkbCd7WH5OE=
github.com/bitcoinschema/go-b v0.2.2/go.mod h1:qzXa0Q5+62S/ZnLIidlCWwwpZXLWrs0npqiYincUP5I=
github.com/bitcoinschema/go-bap v0.4.1 h1:t5SwpkW1oCvpn4+7nTp3W57hnaQJrgNxZNRNDMgUC98=
github.com/bitcoinschema/go-bap v0.4.1/go.mod h1:M5DJ8L4nT7VY1VwV2qwaScgYboh4Jmw5Wx22osoNGko=
github.com/bitcoinschema/go-bob v0.5.1 h1:pvRX16sAkQRRNBu1UpRnrbd/WX9MKwYEh0LRb7/u9FI=
github.com/bitcoinschema/go-bob v0.5.1/go.mod h1:z/et0FNbSJobzmU6cQYjByGFNcUfRwgSsqKR9uJOg9k=
github.com/bitcoinschema/go-boost v0.2.1 h1:y0asMfmrbSxdabgEpJ6h3LHncsy2k2B+AcVnqI54zec=
github.com/bitcoinschema/go-boost v0.2.1/go.mod h1:YxG4CWf/YC9iVTdHwA3iucnLqdZMKUX2kOI61SSDYCw=
github.com/bitcoinschema/go-bpu v0.2.1 h1:4p4LKa+BtP4Ahv5wFbt/RuQbob3u37CrBSuD1aruSQ0=
github.com/bitcoinschema/go-bpu v0.2.1/go.mod h1:WhXazKw2p4OIKhkd5A9JgDsaq3a7QRPmqzwCb/835uA=
github.com/bitcoinschema/go-map v0.2.1 h1:+MkeiEEWC2DaSacc+1HlrQM4+rkB9Ik1vNkRtvdUg54=
github.com/bitcoinschema/go-map v0.2.1/go.mod h1:p97oxPHOqP8hWmsi1IEed3Ro36628KMep4v4hVmLUGA=
github.com/bitcoinschema/go-sigma v0.1.1 h1:ltBBnMVirM2a4Q0+ajlqetfVLfFf9BQth3UibWKPVKU=
github.com/bitcoinschema/go-sigma v0.1.1/go.mod h1:2aiSN/jR05ksXTfOl107Z+E//0YttjeeN87tB/Oafac=
github.com/davecgh/go-spew v1.1.1 h1:vj9j/u1bqnvCEfJOwUhtlOARqs3+rkHYY13jYWTU97c=
github.com/davecgh/go-spew v1.1.1/go.mod h1:J7Y8YcW2NihsgmVo/mv3lAwl/skON4iLHjSsI+c5H38=
github.com/pkg/errors v0.9.1 h1:FEBLx1zS214owpjy7qsBeixbURkuhQAwrK5UwLGTwt4=
github.com/pkg/errors v0.9.1/go.mod h1:bwawxfHBFNV+L2hUp1rHADufV3IMtnDRdf1r5NINEl0=
github.com/pmezard/go-difflib v1.0.0 h1:4DBwDE0NGyQoBHbLQYPwSUPoCMWR5BEzIk/f1lZbAQM=
github.com/pmezard/go-difflib v1.0.0/go.mod h1:iKH77koFhYxTK1pcRnkKkqfTogsbg7gZNVY4sRDYZ/4=
github.com/stretchr/testify v1.10.0 h1:Xv5erBjTwe/5IxqUQTdXv5kgmIvbHo3QQyRwhJsOfJA=
github.com/stretchr/testify v1.10.0/go.mod h1:r2ic/lqez/lEtzL7wO/rwa5dbSLXVDPFyf8C91i36aY=
golang.org/x/crypto v0.35.0 h1:b15kiHdrGCHrP6LvwaQ3c03kgNhhiMgvlhxHQhmg2Xs=
golang.org/x/crypto v0.35.0/go.mod h1:dy7dXNW32cAb/6/PRuTNsix8T+vJAqvuIy5Bli/x0YQ=
gopkg.in/yaml.v3 v3.0.1 h1:fxVm/GzAzEWqLHuvctI91KS9hhNmmWOoWu0XTYJS7CA=
gopkg.in/yaml.v3 v3.0.1/go.mod h1:K4uyk7z7BCEPqu6E+C64Yfv1cQ7kz7rIZviUmN+EgEM=
