github.com/bitcoinschema/go-aip v0.3.3 h1:hTe9xbjVA6yGZgVjXdsdSprq9HEoZYMfNOXJBJlbE3E=
github.com/bitcoinschema/go-aip v0.3.3/go.mod h1:Dw/AS97LfD8Jq4efsZAFG6gTZAVl3pp5yMDA5UmhhJY=
github.com/bitcoinschema/go-b v0.2.3 h1:oq78sYf6GyKKZWOMrr7QXCT3xP3VjRUpL0ZFsvWm4wE=
github.com/bitcoinschema/go-b v0.2.3/go.mod h1:4cbJaloxa2+iU0mPijSYPXw6BuIoBZY0r7FUtQAQbpY=
github.com/bitcoinschema/go-bap v0.4.2 h1:DOSWKfSnXYEt/BE4fN/dD8V6sVtXQEPcRU9W8TaeWNo=
github.com/bitcoinschema/go-bap v0.4.2/go.mod h1:QnRX6lYzr6XBKD8za0QybP6RqolOC2Lu0vptajHA9X8=
github.com/bitcoinschema/go-bob v0.5.2 h1:DKABIT6NCScvkeyGVCdpbxHb0EzcbXzKpvbS1SdPuuo=
github.com/bitcoinschema/go-bob v0.5.2/go.mod h1:wiDgN//GF1u9OwA1TrxHZZuE9wDKtkW8T8xGf5RRFY0=
github.com/bitcoinschema/go-boost v0.2.2 h1:uWiQ4qYZIRcIbtNCgVWDK5bzpT8eW9avCEr2h45DiuQ=
github.com/bitcoinschema/go-boost v0.2.2/go.mod h1:4McbqjrkzK8mU3DcfYt05P/HxBk6k3SgWoMK6FtlqJw=
github.com/bitcoinschema/go-bpu v0.2.2 h1:F/eIC8XhzwgptpA1+rgYQo8bzT51nVozdXpASsxPIno=
github.com/bitcoinschema/go-bpu v0.2.2/go.mod h1:zppAI/4uAi+lSKBAc7QtWp98d+iczCB6CnGrGV75fAQ=
github.com/bitcoinschema/go-map v0.2.2 h1:ouAceAmk+fJtW66iRzXdEU5OZSd4mYyLL3LA5SmjiF8=
github.com/bitcoinschema/go-map v0.2.2/go.mod h1:oz0mMLDMSfI8gmwz+MQ1cTcSmYOhnlSdlS/lF0jIdzM=
github.com/bitcoinschema/go-sigma v0.1.2 h1:tFNlZZ8QnSokHlWL/39+NCzC1x2lTO3uOJhcvBkC1TE=
github.com/bitcoinschema/go-sigma v0.1.2/go.mod h1:9mkkvkONfiSCPPTQimJYNp+5darSfSxZbuD225AGq9M=
github.com/bsv-blockchain/go-sdk v1.1.22 h1:R5o9spVEfCAt64We1CdyHkCuYT1sdTSfKXp3R10UMkI=
github.com/bsv-blockchain/go-sdk v1.1.22/go.mod h1:d0HXzhHy21t+7z+LBpDhGyJSBJb8S5HiAmHsBtRKddQ=
github.com/davecgh/go-spew v1.1.1 h1:vj9j/u1bqnvCEfJOwUhtlOARqs3+rkHYY13jYWTU97c=
github.com/davecgh/go-spew v1.1.1/go.mod h1:J7Y8YcW2NihsgmVo/mv3lAwl/skON4iLHjSsI+c5H38=
github.com/pkg/errors v0.9.1 h1:FEBLx1zS214owpjy7qsBeixbURkuhQAwrK5UwLGTwt4=
github.com/pkg/errors v0.9.1/go.mod h1:bwawxfHBFNV+L2hUp1rHADufV3IMtnDRdf1r5NINEl0=
github.com/pmezard/go-difflib v1.0.0 h1:4DBwDE0NGyQoBHbLQYPwSUPoCMWR5BEzIk/f1lZbAQM=
github.com/pmezard/go-difflib v1.0.0/go.mod h1:iKH77koFhYxTK1pcRnkKkqfTogsbg7gZNVY4sRDYZ/4=
github.com/stretchr/testify v1.10.0 h1:Xv5erBjTwe/5IxqUQTdXv5kgmIvbHo3QQyRwhJsOfJA=
github.com/stretchr/testify v1.10.0/go.mod h1:r2ic/lqez/lEtzL7wO/rwa5dbSLXVDPFyf8C91i36aY=
golang.org/x/crypto v0.35.0 h1:b15kiHdrGCHrP6LvwaQ3c03kgNhhiMgvlhxHQhmg2Xs=
golang.org/x/crypto v0.35.0/go.mod h1:dy7dXNW32cAb/6/PRuTNsix8T+vJAqvuIy5Bli/x0YQ=
gopkg.in/yaml.v3 v3.0.1 h1:fxVm/GzAzEWqLHuvctI91KS9hhNmmWOoWu0XTYJS7CA=
gopkg.in/yaml.v3 v3.0.1/go.mod h1:K4uyk7z7BCEPqu6E+C64Yfv1cQ7kz7rIZviUmN+EgEM=
